
Microsoft Visual Studio Solution File, Format Version 12.00
# Visual Studio Version 17
VisualStudioVersion = 17.5.33414.496
MinimumVisualStudioVersion = 10.0.40219.1
Project("{FAE04EC0-301F-11D3-BF4B-00C04F79EFBC}") = "TeklaResultsInterrogator", "TeklaResultsInterrogator.csproj", "{24363DD4-B4DC-47F9-81F2-BBD51044518D}"
EndProject
Global
	GlobalSection(SolutionConfigurationPlatforms) = preSolution
		Debug|Any CPU = Debug|Any CPU
		Release|Any CPU = Release|Any CPU
	EndGlobalSection
	GlobalSection(ProjectConfigurationPlatforms) = postSolution
		{24363DD4-B4DC-47F9-81F2-BBD51044518D}.Debug|Any CPU.ActiveCfg = Debug|Any CPU
		{24363DD4-B4DC-47F9-81F2-BBD51044518D}.Debug|Any CPU.Build.0 = Debug|Any CPU
		{24363DD4-B4DC-47F9-81F2-BBD51044518D}.Release|Any CPU.ActiveCfg = Release|Any CPU
		{24363DD4-B4DC-47F9-81F2-BBD51044518D}.Release|Any CPU.Build.0 = Release|Any CPU
	EndGlobalSection
	GlobalSection(SolutionProperties) = preSolution
		HideSolutionNode = FALSE
	EndGlobalSection
	GlobalSection(ExtensibilityGlobals) = postSolution
		SolutionGuid = {FAE47A7A-1501-4159-B1BC-265A6896A96C}
	EndGlobalSection
EndGlobal
